
Microsoft Visual Studio Solution File, Format Version 12.00
# Visual Studio Version 17
VisualStudioVersion = 17.0.31903.59
MinimumVisualStudioVersion = 10.0.40219.1
Project("{2150E333-8FDC-42A3-9474-1A3956D46DE8}") = "tests", "tests", "{0AB3BF05-4346-4AA6-1389-037BE0695223}"
EndProject
Project("{FAE04EC0-301F-11D3-BF4B-00C04F79EFBC}") = "GestionAlquileres.Tests", "tests\GestionAlquileres.Tests\GestionAlquileres.Tests.csproj", "{9829D2F5-A03E-4169-A93A-B6DD05B45F28}"
EndProject
Project("{2150E333-8FDC-42A3-9474-1A3956D46DE8}") = "src", "src", "{827E0CD3-B72D-47B6-A68D-7590B98EB39B}"
EndProject
Project("{FAE04EC0-301F-11D3-BF4B-00C04F79EFBC}") = "GestionAlquileres.Domain", "src\GestionAlquileres.Domain\GestionAlquileres.Domain.csproj", "{4193169E-B86B-47E8-BE52-2E3B002D3F6A}"
EndProject
Project("{FAE04EC0-301F-11D3-BF4B-00C04F79EFBC}") = "GestionAlquileres.Application", "src\GestionAlquileres.Application\GestionAlquileres.Application.csproj", "{59B03E28-4839-430B-9FBA-82457E0D0F17}"
EndProject
Project("{FAE04EC0-301F-11D3-BF4B-00C04F79EFBC}") = "GestionAlquileres.Infrastructure", "src\GestionAlquileres.Infrastructure\GestionAlquileres.Infrastructure.csproj", "{03FE5E1B-CDE3-44CF-94C6-7E91BDFE0B68}"
EndProject
Project("{FAE04EC0-301F-11D3-BF4B-00C04F79EFBC}") = "GestionAlquileres.API", "src\GestionAlquileres.API\GestionAlquileres.API.csproj", "{C85C14D5-A6EB-440A-B320-A460357927AD}"
EndProject
Global
	GlobalSection(SolutionConfigurationPlatforms) = preSolution
		Debug|Any CPU = Debug|Any CPU
		Debug|x64 = Debug|x64
		Debug|x86 = Debug|x86
		Release|Any CPU = Release|Any CPU
		Release|x64 = Release|x64
		Release|x86 = Release|x86
	EndGlobalSection
	GlobalSection(ProjectConfigurationPlatforms) = postSolution
		{9829D2F5-A03E-4169-A93A-B6DD05B45F28}.Debug|Any CPU.ActiveCfg = Debug|Any CPU
		{9829D2F5-A03E-4169-A93A-B6DD05B45F28}.Debug|Any CPU.Build.0 = Debug|Any CPU
		{9829D2F5-A03E-4169-A93A-B6DD05B45F28}.Debug|x64.ActiveCfg = Debug|Any CPU
		{9829D2F5-A03E-4169-A93A-B6DD05B45F28}.Debug|x64.Build.0 = Debug|Any CPU
		{9829D2F5-A03E-4169-A93A-B6DD05B45F28}.Debug|x86.ActiveCfg = Debug|Any CPU
		{9829D2F5-A03E-4169-A93A-B6DD05B45F28}.Debug|x86.Build.0 = Debug|Any CPU
		{9829D2F5-A03E-4169-A93A-B6DD05B45F28}.Release|Any CPU.ActiveCfg = Release|Any CPU
		{9829D2F5-A03E-4169-A93A-B6DD05B45F28}.Release|Any CPU.Build.0 = Release|Any CPU
		{9829D2F5-A03E-4169-A93A-B6DD05B45F28}.Release|x64.ActiveCfg = Release|Any CPU
		{9829D2F5-A03E-4169-A93A-B6DD05B45F28}.Release|x64.Build.0 = Release|Any CPU
		{9829D2F5-A03E-4169-A93A-B6DD05B45F28}.Release|x86.ActiveCfg = Release|Any CPU
		{9829D2F5-A03E-4169-A93A-B6DD05B45F28}.Release|x86.Build.0 = Release|Any CPU
		{4193169E-B86B-47E8-BE52-2E3B002D3F6A}.Debug|Any CPU.ActiveCfg = Debug|Any CPU
		{4193169E-B86B-47E8-BE52-2E3B002D3F6A}.Debug|Any CPU.Build.0 = Debug|Any CPU
		{4193169E-B86B-47E8-BE52-2E3B002D3F6A}.Debug|x64.ActiveCfg = Debug|Any CPU
		{4193169E-B86B-47E8-BE52-2E3B002D3F6A}.Debug|x64.Build.0 = Debug|Any CPU
		{4193169E-B86B-47E8-BE52-2E3B002D3F6A}.Debug|x86.ActiveCfg = Debug|Any CPU
		{4193169E-B86B-47E8-BE52-2E3B002D3F6A}.Debug|x86.Build.0 = Debug|Any CPU
		{4193169E-B86B-47E8-BE52-2E3B002D3F6A}.Release|Any CPU.ActiveCfg = Release|Any CPU
		{4193169E-B86B-47E8-BE52-2E3B002D3F6A}.Release|Any CPU.Build.0 = Release|Any CPU
		{4193169E-B86B-47E8-BE52-2E3B002D3F6A}.Release|x64.ActiveCfg = Release|Any CPU
		{4193169E-B86B-47E8-BE52-2E3B002D3F6A}.Release|x64.Build.0 = Release|Any CPU
		{4193169E-B86B-47E8-BE52-2E3B002D3F6A}.Release|x86.ActiveCfg = Release|Any CPU
		{4193169E-B86B-47E8-BE52-2E3B002D3F6A}.Release|x86.Build.0 = Release|Any CPU
		{59B03E28-4839-430B-9FBA-82457E0D0F17}.Debug|Any CPU.ActiveCfg = Debug|Any CPU
		{59B03E28-4839-430B-9FBA-82457E0D0F17}.Debug|Any CPU.Build.0 = Debug|Any CPU
		{59B03E28-4839-430B-9FBA-82457E0D0F17}.Debug|x64.ActiveCfg = Debug|Any CPU
		{59B03E28-4839-430B-9FBA-82457E0D0F17}.Debug|x64.Build.0 = Debug|Any CPU
		{59B03E28-4839-430B-9FBA-82457E0D0F17}.Debug|x86.ActiveCfg = Debug|Any CPU
		{59B03E28-4839-430B-9FBA-82457E0D0F17}.Debug|x86.Build.0 = Debug|Any CPU
		{59B03E28-4839-430B-9FBA-82457E0D0F17}.Release|Any CPU.ActiveCfg = Release|Any CPU
		{59B03E28-4839-430B-9FBA-82457E0D0F17}.Release|Any CPU.Build.0 = Release|Any CPU
		{59B03E28-4839-430B-9FBA-82457E0D0F17}.Release|x64.ActiveCfg = Release|Any CPU
		{59B03E28-4839-430B-9FBA-82457E0D0F17}.Release|x64.Build.0 = Release|Any CPU
		{59B03E28-4839-430B-9FBA-82457E0D0F17}.Release|x86.ActiveCfg = Release|Any CPU
		{59B03E28-4839-430B-9FBA-82457E0D0F17}.Release|x86.Build.0 = Release|Any CPU
		{03FE5E1B-CDE3-44CF-94C6-7E91BDFE0B68}.Debug|Any CPU.ActiveCfg = Debug|Any CPU
		{03FE5E1B-CDE3-44CF-94C6-7E91BDFE0B68}.Debug|Any CPU.Build.0 = Debug|Any CPU
		{03FE5E1B-CDE3-44CF-94C6-7E91BDFE0B68}.Debug|x64.ActiveCfg = Debug|Any CPU
		{03FE5E1B-CDE3-44CF-94C6-7E91BDFE0B68}.Debug|x64.Build.0 = Debug|Any CPU
		{03FE5E1B-CDE3-44CF-94C6-7E91BDFE0B68}.Debug|x86.ActiveCfg = Debug|Any CPU
		{03FE5E1B-CDE3-44CF-94C6-7E91BDFE0B68}.Debug|x86.Build.0 = Debug|Any CPU
		{03FE5E1B-CDE3-44CF-94C6-7E91BDFE0B68}.Release|Any CPU.ActiveCfg = Release|Any CPU
		{03FE5E1B-CDE3-44CF-94C6-7E91BDFE0B68}.Release|Any CPU.Build.0 = Release|Any CPU
		{03FE5E1B-CDE3-44CF-94C6-7E91BDFE0B68}.Release|x64.ActiveCfg = Release|Any CPU
		{03FE5E1B-CDE3-44CF-94C6-7E91BDFE0B68}.Release|x64.Build.0 = Release|Any CPU
		{03FE5E1B-CDE3-44CF-94C6-7E91BDFE0B68}.Release|x86.ActiveCfg = Release|Any CPU
		{03FE5E1B-CDE3-44CF-94C6-7E91BDFE0B68}.Release|x86.Build.0 = Release|Any CPU
		{C85C14D5-A6EB-440A-B320-A460357927AD}.Debug|Any CPU.ActiveCfg = Debug|Any CPU
		{C85C14D5-A6EB-440A-B320-A460357927AD}.Debug|Any CPU.Build.0 = Debug|Any CPU
		{C85C14D5-A6EB-440A-B320-A460357927AD}.Debug|x64.ActiveCfg = Debug|Any CPU
		{C85C14D5-A6EB-440A-B320-A460357927AD}.Debug|x64.Build.0 = Debug|Any CPU
		{C85C14D5-A6EB-440A-B320-A460357927AD}.Debug|x86.ActiveCfg = Debug|Any CPU
		{C85C14D5-A6EB-440A-B320-A460357927AD}.Debug|x86.Build.0 = Debug|Any CPU
		{C85C14D5-A6EB-440A-B320-A460357927AD}.Release|Any CPU.ActiveCfg = Release|Any CPU
		{C85C14D5-A6EB-440A-B320-A460357927AD}.Release|Any CPU.Build.0 = Release|Any CPU
		{C85C14D5-A6EB-440A-B320-A460357927AD}.Release|x64.ActiveCfg = Release|Any CPU
		{C85C14D5-A6EB-440A-B320-A460357927AD}.Release|x64.Build.0 = Release|Any CPU
		{C85C14D5-A6EB-440A-B320-A460357927AD}.Release|x86.ActiveCfg = Release|Any CPU
		{C85C14D5-A6EB-440A-B320-A460357927AD}.Release|x86.Build.0 = Release|Any CPU
	EndGlobalSection
	GlobalSection(SolutionProperties) = preSolution
		HideSolutionNode = FALSE
	EndGlobalSection
	GlobalSection(NestedProjects) = preSolution
		{9829D2F5-A03E-4169-A93A-B6DD05B45F28} = {0AB3BF05-4346-4AA6-1389-037BE0695223}
		{4193169E-B86B-47E8-BE52-2E3B002D3F6A} = {827E0CD3-B72D-47B6-A68D-7590B98EB39B}
		{59B03E28-4839-430B-9FBA-82457E0D0F17} = {827E0CD3-B72D-47B6-A68D-7590B98EB39B}
		{03FE5E1B-CDE3-44CF-94C6-7E91BDFE0B68} = {827E0CD3-B72D-47B6-A68D-7590B98EB39B}
		{C85C14D5-A6EB-440A-B320-A460357927AD} = {827E0CD3-B72D-47B6-A68D-7590B98EB39B}
	EndGlobalSection
EndGlobal
